{
  "nodes": {
    "arjun": {
      "inputs": {
        "cadiback": [
          "cadiback"
        ],
        "cadical": [
          "cadiback",
          "cadical"
        ],
        "cryptominisat": [
          "cryptominisat"
        ],
        "evalmaxsat": [
          "evalmaxsat"
        ],
        "nixpkgs": [
          "nixpkgs"
        ],
        "sbva": [
          "sbva"
        ],
        "treedecomp": [
          "treedecomp"
        ]
      },
      "locked": {
        "lastModified": 1777573444,
        "narHash": "sha256-S1l75Y/su1yIJDVz0tGtoL667ZZWcVTxung2gSNwjf0=",
        "owner": "meelgroup",
        "repo": "arjun",
        "rev": "ece5005a31e4d1cb55636befdcd409f34fef5c6f",
        "type": "github"
      },
      "original": {
        "owner": "meelgroup",
        "ref": "master",
        "repo": "arjun",
        "type": "github"
      }
    },
    "cadiback": {
      "inputs": {
        "cadical": "cadical",
        "nixpkgs": [
          "nixpkgs"
        ]
      },
      "locked": {
        "lastModified": 1779435988,
        "narHash": "sha256-I2FkLahp+rJQeDMjYEGMVFuazCpe89UAYQB3duV7Fds=",
        "owner": "meelgroup",
        "repo": "cadiback",
        "rev": "c78538b85ddbcd45785f69768e62be4f4fc4cde6",
        "type": "github"
      },
      "original": {
        "owner": "meelgroup",
        "ref": "main",
        "repo": "cadiback",
        "type": "github"
      }
    },
    "cadical": {
      "inputs": {
        "nixpkgs": [
          "cadiback",
          "nixpkgs"
        ]
      },
      "locked": {
        "lastModified": 1779140975,
        "narHash": "sha256-onPqZcv8RalVQGhtvitgJapwBqytFHN7CH7Xg/WFNnU=",
        "owner": "meelgroup",
        "repo": "cadical",
        "rev": "32e0bebb7a94e9e33d32331ad19dbe0522909816",
        "type": "github"
      },
      "original": {
        "owner": "meelgroup",
        "ref": "master",
        "repo": "cadical",
        "type": "github"
      }
    },
    "cryptominisat": {
      "inputs": {
        "cadiback": [
          "cadiback"
        ],
        "cadical": [
          "cryptominisat",
          "cadiback",
          "cadical"
        ],
        "nixpkgs": [
          "nixpkgs"
        ]
      },
      "locked": {
        "lastModified": 1779436153,
        "narHash": "sha256-k2akB2ssb2Fakn+VL8SptuN4w7i9BHFh45eqlRwGUSs=",
        "owner": "msoos",
        "repo": "cryptominisat",
        "rev": "d66a7b4cec481eea09d04fc75ea3f0331f60e7c8",
        "type": "github"
      },
      "original": {
        "owner": "msoos",
        "ref": "master",
        "repo": "cryptominisat",
        "type": "github"
      }
    },
    "evalmaxsat": {
      "inputs": {
        "nixpkgs": [
          "nixpkgs"
        ]
      },
      "locked": {
        "lastModified": 1775309014,
        "narHash": "sha256-2/JJzN1F/aUyTM8SjsnqLm23/cigOkx04B+IWjkiuCI=",
        "owner": "meelgroup",
        "repo": "EvalMaxSAT",
        "rev": "42903e519ee22ce51e6448f525874d9c6d1fc87a",
        "type": "github"
      },
      "original": {
        "owner": "meelgroup",
        "ref": "master",
        "repo": "EvalMaxSAT",
        "type": "github"
      }
    },
    "nixpkgs": {
      "locked": {
        "lastModified": 1772771118,
        "narHash": "sha256-xWzaTvmmACR/SRWtABgI/Z97lcqwJAeoSd5QW1KdK1s=",
        "owner": "nixos",
        "repo": "nixpkgs",
        "rev": "e38213b91d3786389a446dfce4ff5a8aaf6012f2",
        "type": "github"
      },
      "original": {
        "owner": "nixos",
        "ref": "nixpkgs-unstable",
        "repo": "nixpkgs",
        "type": "github"
      }
    },
    "root": {
      "inputs": {
        "arjun": "arjun",
        "cadiback": "cadiback",
        "cryptominisat": "cryptominisat",
        "evalmaxsat": "evalmaxsat",
        "nixpkgs": "nixpkgs",
        "sbva": "sbva",
        "treedecomp": "treedecomp"
      }
    },
    "sbva": {
      "inputs": {
        "nixpkgs": [
          "nixpkgs"
        ]
      },
      "locked": {
        "lastModified": 1776602748,
        "narHash": "sha256-q9PJISN/SiMe1R1FW0dhranp5cQ4ycWdxAIglIJQsKA=",
        "owner": "meelgroup",
        "repo": "sbva",
        "rev": "fc20f5ce9ec302203903d424c609d77e7184ff01",
        "type": "github"
      },
      "original": {
        "owner": "meelgroup",
        "ref": "master",
        "repo": "sbva",
        "type": "github"
      }
    },
    "treedecomp": {
      "inputs": {
        "nixpkgs": [
          "nixpkgs"
        ]
      },
      "locked": {
        "lastModified": 1778103074,
        "narHash": "sha256-RMwSVW/nXu837wr4qjt8Agp8RCFK3RgyCdpldCqwA28=",
        "owner": "meelgroup",
        "repo": "treedecomp",
        "rev": "e175d2fe022f25a397f5f616efce93818d352b0f",
        "type": "github"
      },
      "original": {
        "owner": "meelgroup",
        "ref": "main",
        "repo": "treedecomp",
        "type": "github"
      }
    }
  },
  "root": "root",
  "version": 7
}
